{
  "version": 4,
  "terraform_version": "1.14.6",
  "serial": 35,
  "lineage": "a6129030-56f4-0ff0-ac4e-956b5cd6094c",
  "outputs": {},
  "resources": [
    {
      "mode": "managed",
      "type": "azurerm_linux_virtual_machine",
      "name": "vm",
      "provider": "provider[\"registry.terraform.io/hashicorp/azurerm\"]",
      "instances": [
        {
          "schema_version": 0,
          "attributes": {
            "additional_capabilities": [],
            "admin_password": "Testingpassword@8658",
            "admin_ssh_key": [],
            "admin_username": "azureuser",
            "allow_extension_operations": true,
            "availability_set_id": "",
            "boot_diagnostics": [],
            "bypass_platform_safety_checks_on_user_schedule_enabled": false,
            "capacity_reservation_group_id": "",
            "computer_name": "devops-vm",
            "custom_data": null,
            "dedicated_host_group_id": "",
            "dedicated_host_id": "",
            "disable_password_authentication": false,
            "disk_controller_type": "",
            "edge_zone": "",
            "encryption_at_host_enabled": false,
            "eviction_policy": "",
            "extensions_time_budget": "PT1H30M",
            "gallery_application": [],
            "id": "/subscriptions/64cab3c3-e1d1-440f-b122-d2caa3f58215/resourceGroups/devops-rg/providers/Microsoft.Compute/virtualMachines/devops-vm",
            "identity": [],
            "license_type": "",
            "location": "eastasia",
            "max_bid_price": -1,
            "name": "devops-vm",
            "network_interface_ids": [
              "/subscriptions/64cab3c3-e1d1-440f-b122-d2caa3f58215/resourceGroups/devops-rg/providers/Microsoft.Network/networkInterfaces/devops-nic"
            ],
            "os_disk": [
              {
                "caching": "ReadWrite",
                "diff_disk_settings": [],
                "disk_encryption_set_id": "",
                "disk_size_gb": 30,
                "id": "/subscriptions/64cab3c3-e1d1-440f-b122-d2caa3f58215/resourceGroups/devops-rg/providers/Microsoft.Compute/disks/devops-vm_OsDisk_1_e0887d2a63ca4ace89798a445be5ce93",
                "name": "devops-vm_OsDisk_1_e0887d2a63ca4ace89798a445be5ce93",
                "secure_vm_disk_encryption_set_id": "",
                "security_encryption_type": "",
                "storage_account_type": "Standard_LRS",
                "write_accelerator_enabled": false
              }
            ],
            "os_image_notification": [],
            "os_managed_disk_id": "/subscriptions/64cab3c3-e1d1-440f-b122-d2caa3f58215/resourceGroups/devops-rg/providers/Microsoft.Compute/disks/devops-vm_OsDisk_1_e0887d2a63ca4ace89798a445be5ce93",
            "patch_assessment_mode": "ImageDefault",
            "patch_mode": "ImageDefault",
            "plan": [],
            "platform_fault_domain": -1,
            "priority": "Regular",
            "private_ip_address": "10.0.1.4",
            "private_ip_addresses": [
              "10.0.1.4"
            ],
            "provision_vm_agent": true,
            "proximity_placement_group_id": "",
            "public_ip_address": "104.208.72.242",
            "public_ip_addresses": [
              "104.208.72.242"
            ],
            "reboot_setting": "",
            "resource_group_name": "devops-rg",
            "secret": [],
            "secure_boot_enabled": false,
            "size": "Standard_B2s_v2",
            "source_image_id": "",
            "source_image_reference": [
              {
                "offer": "0001-com-ubuntu-server-jammy",
                "publisher": "Canonical",
                "sku": "22_04-lts",
                "version": "latest"
              }
            ],
            "tags": {},
            "termination_notification": [],
            "timeouts": null,
            "user_data": "",
            "virtual_machine_id": "9e9655e8-9d2f-4cee-b71b-e36c1392b871",
            "virtual_machine_scale_set_id": "",
            "vm_agent_platform_updates_enabled": false,
            "vtpm_enabled": false,
            "zone": ""
          },
          "sensitive_attributes": [
            [
              {
                "type": "get_attr",
                "value": "admin_password"
              }
            ],
            [
              {
                "type": "get_attr",
                "value": "custom_data"
              }
            ]
          ],
          "identity_schema_version": 0,
          "private": "eyJlMmJmYjczMC1lY2FhLTExZTYtOGY4OC0zNDM2M2JjN2M0YzAiOnsiY3JlYXRlIjoyNzAwMDAwMDAwMDAwLCJkZWxldGUiOjI3MDAwMDAwMDAwMDAsInJlYWQiOjMwMDAwMDAwMDAwMCwidXBkYXRlIjoyNzAwMDAwMDAwMDAwfX0=",
          "dependencies": [
            "azurerm_network_interface.nic",
            "azurerm_public_ip.pip",
            "azurerm_resource_group.rg",
            "azurerm_subnet.subnet",
            "azurerm_virtual_network.vnet"
          ]
        }
      ]
    },
    {
      "mode": "managed",
      "type": "azurerm_network_interface",
      "name": "nic",
      "provider": "provider[\"registry.terraform.io/hashicorp/azurerm\"]",
      "instances": [
        {
          "schema_version": 0,
          "attributes": {
            "accelerated_networking_enabled": false,
            "applied_dns_servers": [],
            "auxiliary_mode": "",
            "auxiliary_sku": "",
            "dns_servers": [],
            "edge_zone": "",
            "id": "/subscriptions/64cab3c3-e1d1-440f-b122-d2caa3f58215/resourceGroups/devops-rg/providers/Microsoft.Network/networkInterfaces/devops-nic",
            "internal_dns_name_label": "",
            "internal_domain_name_suffix": "4jfk5evkc2qezi5rag52nexs5e.hx.internal.cloudapp.net",
            "ip_configuration": [
              {
                "gateway_load_balancer_frontend_ip_configuration_id": "",
                "name": "internal",
                "primary": true,
                "private_ip_address": "10.0.1.4",
                "private_ip_address_allocation": "Dynamic",
                "private_ip_address_version": "IPv4",
                "public_ip_address_id": "/subscriptions/64cab3c3-e1d1-440f-b122-d2caa3f58215/resourceGroups/devops-rg/providers/Microsoft.Network/publicIPAddresses/devops-pip",
                "subnet_id": "/subscriptions/64cab3c3-e1d1-440f-b122-d2caa3f58215/resourceGroups/devops-rg/providers/Microsoft.Network/virtualNetworks/devops-vnet/subnets/devops-subnet"
              }
            ],
            "ip_forwarding_enabled": false,
            "location": "eastasia",
            "mac_address": "70-A8-A5-05-22-74",
            "name": "devops-nic",
            "private_ip_address": "10.0.1.4",
            "private_ip_addresses": [
              "10.0.1.4"
            ],
            "resource_group_name": "devops-rg",
            "tags": {},
            "timeouts": null,
            "virtual_machine_id": "/subscriptions/64cab3c3-e1d1-440f-b122-d2caa3f58215/resourceGroups/devops-rg/providers/Microsoft.Compute/virtualMachines/devops-vm"
          },
          "sensitive_attributes": [],
          "identity_schema_version": 0,
          "identity": {
            "name": "devops-nic",
            "resource_group_name": "devops-rg",
            "subscription_id": "64cab3c3-e1d1-440f-b122-d2caa3f58215"
          },
          "private": "eyJlMmJmYjczMC1lY2FhLTExZTYtOGY4OC0zNDM2M2JjN2M0YzAiOnsiY3JlYXRlIjoxODAwMDAwMDAwMDAwLCJkZWxldGUiOjE4MDAwMDAwMDAwMDAsInJlYWQiOjMwMDAwMDAwMDAwMCwidXBkYXRlIjoxODAwMDAwMDAwMDAwfX0=",
          "dependencies": [
            "azurerm_public_ip.pip",
            "azurerm_resource_group.rg",
            "azurerm_subnet.subnet",
            "azurerm_virtual_network.vnet"
          ]
        }
      ]
    },
    {
      "mode": "managed",
      "type": "azurerm_network_security_group",
      "name": "nsg",
      "provider": "provider[\"registry.terraform.io/hashicorp/azurerm\"]",
      "instances": [
        {
          "schema_version": 0,
          "attributes": {
            "id": "/subscriptions/64cab3c3-e1d1-440f-b122-d2caa3f58215/resourceGroups/devops-rg/providers/Microsoft.Network/networkSecurityGroups/devops-nsg",
            "location": "eastasia",
            "name": "devops-nsg",
            "resource_group_name": "devops-rg",
            "security_rule": [
              {
                "access": "Allow",
                "description": "",
                "destination_address_prefix": "*",
                "destination_address_prefixes": [],
                "destination_application_security_group_ids": [],
                "destination_port_range": "22",
                "destination_port_ranges": [],
                "direction": "Inbound",
                "name": "Allow-SSH",
                "priority": 1001,
                "protocol": "Tcp",
                "source_address_prefix": "*",
                "source_address_prefixes": [],
                "source_application_security_group_ids": [],
                "source_port_range": "*",
                "source_port_ranges": []
              },
              {
                "access": "Allow",
                "description": "",
                "destination_address_prefix": "*",
                "destination_address_prefixes": [],
                "destination_application_security_group_ids": [],
                "destination_port_range": "8080",
                "destination_port_ranges": [],
                "direction": "Inbound",
                "name": "Allow-Jenkins",
                "priority": 1002,
                "protocol": "Tcp",
                "source_address_prefix": "*",
                "source_address_prefixes": [],
                "source_application_security_group_ids": [],
                "source_port_range": "*",
                "source_port_ranges": []
              }
            ],
            "tags": {},
            "timeouts": null
          },
          "sensitive_attributes": [],
          "identity_schema_version": 0,
          "identity": {
            "name": "devops-nsg",
            "resource_group_name": "devops-rg",
            "subscription_id": "64cab3c3-e1d1-440f-b122-d2caa3f58215"
          },
          "private": "eyJlMmJmYjczMC1lY2FhLTExZTYtOGY4OC0zNDM2M2JjN2M0YzAiOnsiY3JlYXRlIjoxODAwMDAwMDAwMDAwLCJkZWxldGUiOjE4MDAwMDAwMDAwMDAsInJlYWQiOjMwMDAwMDAwMDAwMCwidXBkYXRlIjoxODAwMDAwMDAwMDAwfX0=",
          "dependencies": [
            "azurerm_resource_group.rg"
          ]
        }
      ]
    },
    {
      "mode": "managed",
      "type": "azurerm_network_security_rule",
      "name": "allow_jenkins",
      "provider": "provider[\"registry.terraform.io/hashicorp/azurerm\"]",
      "instances": [
        {
          "schema_version": 0,
          "attributes": {
            "access": "Allow",
            "description": "",
            "destination_address_prefix": "*",
            "destination_address_prefixes": [],
            "destination_application_security_group_ids": [],
            "destination_port_range": "8080",
            "destination_port_ranges": [],
            "direction": "Inbound",
            "id": "/subscriptions/64cab3c3-e1d1-440f-b122-d2caa3f58215/resourceGroups/devops-rg/providers/Microsoft.Network/networkSecurityGroups/devops-nsg/securityRules/Allow-Jenkins",
            "name": "Allow-Jenkins",
            "network_security_group_name": "devops-nsg",
            "priority": 1002,
            "protocol": "Tcp",
            "resource_group_name": "devops-rg",
            "source_address_prefix": "*",
            "source_address_prefixes": [],
            "source_application_security_group_ids": [],
            "source_port_range": "*",
            "source_port_ranges": [],
            "timeouts": null
          },
          "sensitive_attributes": [],
          "identity_schema_version": 0,
          "identity": {
            "name": "Allow-Jenkins",
            "network_security_group_name": "devops-nsg",
            "resource_group_name": "devops-rg",
            "subscription_id": "64cab3c3-e1d1-440f-b122-d2caa3f58215"
          },
          "private": "eyJlMmJmYjczMC1lY2FhLTExZTYtOGY4OC0zNDM2M2JjN2M0YzAiOnsiY3JlYXRlIjoxODAwMDAwMDAwMDAwLCJkZWxldGUiOjE4MDAwMDAwMDAwMDAsInJlYWQiOjMwMDAwMDAwMDAwMCwidXBkYXRlIjoxODAwMDAwMDAwMDAwfX0=",
          "dependencies": [
            "azurerm_network_security_group.nsg",
            "azurerm_resource_group.rg"
          ]
        }
      ]
    },
    {
      "mode": "managed",
      "type": "azurerm_network_security_rule",
      "name": "allow_ssh",
      "provider": "provider[\"registry.terraform.io/hashicorp/azurerm\"]",
      "instances": [
        {
          "schema_version": 0,
          "attributes": {
            "access": "Allow",
            "description": "",
            "destination_address_prefix": "*",
            "destination_address_prefixes": [],
            "destination_application_security_group_ids": [],
            "destination_port_range": "22",
            "destination_port_ranges": [],
            "direction": "Inbound",
            "id": "/subscriptions/64cab3c3-e1d1-440f-b122-d2caa3f58215/resourceGroups/devops-rg/providers/Microsoft.Network/networkSecurityGroups/devops-nsg/securityRules/Allow-SSH",
            "name": "Allow-SSH",
            "network_security_group_name": "devops-nsg",
            "priority": 1001,
            "protocol": "Tcp",
            "resource_group_name": "devops-rg",
            "source_address_prefix": "*",
            "source_address_prefixes": [],
            "source_application_security_group_ids": [],
            "source_port_range": "*",
            "source_port_ranges": [],
            "timeouts": null
          },
          "sensitive_attributes": [],
          "identity_schema_version": 0,
          "identity": {
            "name": "Allow-SSH",
            "network_security_group_name": "devops-nsg",
            "resource_group_name": "devops-rg",
            "subscription_id": "64cab3c3-e1d1-440f-b122-d2caa3f58215"
          },
          "private": "eyJlMmJmYjczMC1lY2FhLTExZTYtOGY4OC0zNDM2M2JjN2M0YzAiOnsiY3JlYXRlIjoxODAwMDAwMDAwMDAwLCJkZWxldGUiOjE4MDAwMDAwMDAwMDAsInJlYWQiOjMwMDAwMDAwMDAwMCwidXBkYXRlIjoxODAwMDAwMDAwMDAwfX0=",
          "dependencies": [
            "azurerm_network_security_group.nsg",
            "azurerm_resource_group.rg"
          ]
        }
      ]
    },
    {
      "mode": "managed",
      "type": "azurerm_public_ip",
      "name": "pip",
      "provider": "provider[\"registry.terraform.io/hashicorp/azurerm\"]",
      "instances": [
        {
          "schema_version": 0,
          "attributes": {
            "allocation_method": "Static",
            "ddos_protection_mode": "VirtualNetworkInherited",
            "ddos_protection_plan_id": null,
            "domain_name_label": null,
            "domain_name_label_scope": null,
            "edge_zone": "",
            "fqdn": null,
            "id": "/subscriptions/64cab3c3-e1d1-440f-b122-d2caa3f58215/resourceGroups/devops-rg/providers/Microsoft.Network/publicIPAddresses/devops-pip",
            "idle_timeout_in_minutes": 4,
            "ip_address": "104.208.72.242",
            "ip_tags": {},
            "ip_version": "IPv4",
            "location": "eastasia",
            "name": "devops-pip",
            "public_ip_prefix_id": null,
            "resource_group_name": "devops-rg",
            "reverse_fqdn": null,
            "sku": "Standard",
            "sku_tier": "Regional",
            "tags": {},
            "timeouts": null,
            "zones": []
          },
          "sensitive_attributes": [],
          "identity_schema_version": 0,
          "identity": {
            "name": "devops-pip",
            "resource_group_name": "devops-rg",
            "subscription_id": "64cab3c3-e1d1-440f-b122-d2caa3f58215"
          },
          "private": "eyJlMmJmYjczMC1lY2FhLTExZTYtOGY4OC0zNDM2M2JjN2M0YzAiOnsiY3JlYXRlIjoxODAwMDAwMDAwMDAwLCJkZWxldGUiOjE4MDAwMDAwMDAwMDAsInJlYWQiOjMwMDAwMDAwMDAwMCwidXBkYXRlIjoxODAwMDAwMDAwMDAwfX0=",
          "dependencies": [
            "azurerm_resource_group.rg"
          ]
        }
      ]
    },
    {
      "mode": "managed",
      "type": "azurerm_resource_group",
      "name": "rg",
      "provider": "provider[\"registry.terraform.io/hashicorp/azurerm\"]",
      "instances": [
        {
          "schema_version": 0,
          "attributes": {
            "id": "/subscriptions/64cab3c3-e1d1-440f-b122-d2caa3f58215/resourceGroups/devops-rg",
            "location": "eastasia",
            "managed_by": "",
            "name": "devops-rg",
            "tags": {},
            "timeouts": null
          },
          "sensitive_attributes": [],
          "identity_schema_version": 0,
          "identity": {
            "name": "devops-rg",
            "subscription_id": "64cab3c3-e1d1-440f-b122-d2caa3f58215"
          },
          "private": "eyJlMmJmYjczMC1lY2FhLTExZTYtOGY4OC0zNDM2M2JjN2M0YzAiOnsiY3JlYXRlIjo1NDAwMDAwMDAwMDAwLCJkZWxldGUiOjU0MDAwMDAwMDAwMDAsInJlYWQiOjMwMDAwMDAwMDAwMCwidXBkYXRlIjo1NDAwMDAwMDAwMDAwfX0="
        }
      ]
    },
    {
      "mode": "managed",
      "type": "azurerm_subnet",
      "name": "subnet",
      "provider": "provider[\"registry.terraform.io/hashicorp/azurerm\"]",
      "instances": [
        {
          "schema_version": 0,
          "attributes": {
            "address_prefixes": [
              "10.0.1.0/24"
            ],
            "default_outbound_access_enabled": true,
            "delegation": [],
            "id": "/subscriptions/64cab3c3-e1d1-440f-b122-d2caa3f58215/resourceGroups/devops-rg/providers/Microsoft.Network/virtualNetworks/devops-vnet/subnets/devops-subnet",
            "ip_address_pool": [],
            "name": "devops-subnet",
            "private_endpoint_network_policies": "Disabled",
            "private_link_service_network_policies_enabled": true,
            "resource_group_name": "devops-rg",
            "service_endpoint_policy_ids": [],
            "service_endpoints": [],
            "sharing_scope": "",
            "timeouts": null,
            "virtual_network_name": "devops-vnet"
          },
          "sensitive_attributes": [],
          "identity_schema_version": 0,
          "identity": {
            "name": "devops-subnet",
            "resource_group_name": "devops-rg",
            "subscription_id": "64cab3c3-e1d1-440f-b122-d2caa3f58215",
            "virtual_network_name": "devops-vnet"
          },
          "private": "eyJlMmJmYjczMC1lY2FhLTExZTYtOGY4OC0zNDM2M2JjN2M0YzAiOnsiY3JlYXRlIjoxODAwMDAwMDAwMDAwLCJkZWxldGUiOjE4MDAwMDAwMDAwMDAsInJlYWQiOjMwMDAwMDAwMDAwMCwidXBkYXRlIjoxODAwMDAwMDAwMDAwfSwic2NoZW1hX3ZlcnNpb24iOiIwIn0=",
          "dependencies": [
            "azurerm_resource_group.rg",
            "azurerm_virtual_network.vnet"
          ]
        }
      ]
    },
    {
      "mode": "managed",
      "type": "azurerm_subnet_network_security_group_association",
      "name": "nsg_assoc",
      "provider": "provider[\"registry.terraform.io/hashicorp/azurerm\"]",
      "instances": [
        {
          "schema_version": 0,
          "attributes": {
            "id": "/subscriptions/64cab3c3-e1d1-440f-b122-d2caa3f58215/resourceGroups/devops-rg/providers/Microsoft.Network/virtualNetworks/devops-vnet/subnets/devops-subnet",
            "network_security_group_id": "/subscriptions/64cab3c3-e1d1-440f-b122-d2caa3f58215/resourceGroups/devops-rg/providers/Microsoft.Network/networkSecurityGroups/devops-nsg",
            "subnet_id": "/subscriptions/64cab3c3-e1d1-440f-b122-d2caa3f58215/resourceGroups/devops-rg/providers/Microsoft.Network/virtualNetworks/devops-vnet/subnets/devops-subnet",
            "timeouts": null
          },
          "sensitive_attributes": [],
          "identity_schema_version": 0,
          "private": "eyJlMmJmYjczMC1lY2FhLTExZTYtOGY4OC0zNDM2M2JjN2M0YzAiOnsiY3JlYXRlIjoxODAwMDAwMDAwMDAwLCJkZWxldGUiOjE4MDAwMDAwMDAwMDAsInJlYWQiOjMwMDAwMDAwMDAwMH19",
          "dependencies": [
            "azurerm_network_security_group.nsg",
            "azurerm_resource_group.rg",
            "azurerm_subnet.subnet",
            "azurerm_virtual_network.vnet"
          ]
        }
      ]
    },
    {
      "mode": "managed",
      "type": "azurerm_virtual_network",
      "name": "vnet",
      "provider": "provider[\"registry.terraform.io/hashicorp/azurerm\"]",
      "instances": [
        {
          "schema_version": 0,
          "attributes": {
            "address_space": [
              "10.0.0.0/16"
            ],
            "bgp_community": "",
            "ddos_protection_plan": [],
            "dns_servers": [],
            "edge_zone": "",
            "encryption": [],
            "flow_timeout_in_minutes": 0,
            "guid": "92af4af2-17aa-4c20-a3f1-01bfc692f2fc",
            "id": "/subscriptions/64cab3c3-e1d1-440f-b122-d2caa3f58215/resourceGroups/devops-rg/providers/Microsoft.Network/virtualNetworks/devops-vnet",
            "ip_address_pool": [],
            "location": "eastasia",
            "name": "devops-vnet",
            "private_endpoint_vnet_policies": "Disabled",
            "resource_group_name": "devops-rg",
            "subnet": [
              {
                "address_prefixes": [
                  "10.0.1.0/24"
                ],
                "default_outbound_access_enabled": true,
                "delegation": [],
                "id": "/subscriptions/64cab3c3-e1d1-440f-b122-d2caa3f58215/resourceGroups/devops-rg/providers/Microsoft.Network/virtualNetworks/devops-vnet/subnets/devops-subnet",
                "name": "devops-subnet",
                "private_endpoint_network_policies": "Disabled",
                "private_link_service_network_policies_enabled": true,
                "route_table_id": "",
                "security_group": "/subscriptions/64cab3c3-e1d1-440f-b122-d2caa3f58215/resourceGroups/devops-rg/providers/Microsoft.Network/networkSecurityGroups/devops-nsg",
                "service_endpoint_policy_ids": [],
                "service_endpoints": []
              }
            ],
            "tags": {},
            "timeouts": null
          },
          "sensitive_attributes": [],
          "identity_schema_version": 0,
          "identity": {
            "name": "devops-vnet",
            "resource_group_name": "devops-rg",
            "subscription_id": "64cab3c3-e1d1-440f-b122-d2caa3f58215"
          },
          "private": "eyJlMmJmYjczMC1lY2FhLTExZTYtOGY4OC0zNDM2M2JjN2M0YzAiOnsiY3JlYXRlIjoxODAwMDAwMDAwMDAwLCJkZWxldGUiOjE4MDAwMDAwMDAwMDAsInJlYWQiOjMwMDAwMDAwMDAwMCwidXBkYXRlIjoxODAwMDAwMDAwMDAwfSwic2NoZW1hX3ZlcnNpb24iOiIwIn0=",
          "dependencies": [
            "azurerm_resource_group.rg"
          ]
        }
      ]
    }
  ],
  "check_results": null
}
